
Microsoft Visual Studio Solution File, Format Version 12.00
# Visual Studio Version 17
VisualStudioVersion = 17.14.36119.2 d17.14
MinimumVisualStudioVersion = 10.0.40219.1
Project("{54A90642-561A-4BB1-A94E-469ADEE60C69}") = "aspnetstarter.client", "aspnetstarter.client\aspnetstarter.client.esproj", "{94B6BAF2-290E-29A6-CEFD-ABA42C9477B3}"
EndProject
Project("{FAE04EC0-301F-11D3-BF4B-00C04F79EFBC}") = "ASPNETStarter.Server", "ASPNETStarter.Server\ASPNETStarter.Server.csproj", "{3299D702-A5F1-477C-93E3-49B1D195EF20}"
EndProject
Project("{FAE04EC0-301F-11D3-BF4B-00C04F79EFBC}") = "ASPNETStarter.Tests", "ASPNETStarter.Tests\ASPNETStarter.Tests.csproj", "{7D80B8ED-A081-427E-895C-BDF98713C7F2}"
EndProject
Global
	GlobalSection(SolutionConfigurationPlatforms) = preSolution
		Debug|Any CPU = Debug|Any CPU
		Release|Any CPU = Release|Any CPU
	EndGlobalSection
	GlobalSection(ProjectConfigurationPlatforms) = postSolution
		{94B6BAF2-290E-29A6-CEFD-ABA42C9477B3}.Debug|Any CPU.ActiveCfg = Debug|Any CPU
		{94B6BAF2-290E-29A6-CEFD-ABA42C9477B3}.Debug|Any CPU.Build.0 = Debug|Any CPU
		{94B6BAF2-290E-29A6-CEFD-ABA42C9477B3}.Debug|Any CPU.Deploy.0 = Debug|Any CPU
		{94B6BAF2-290E-29A6-CEFD-ABA42C9477B3}.Release|Any CPU.ActiveCfg = Release|Any CPU
		{94B6BAF2-290E-29A6-CEFD-ABA42C9477B3}.Release|Any CPU.Build.0 = Release|Any CPU
		{94B6BAF2-290E-29A6-CEFD-ABA42C9477B3}.Release|Any CPU.Deploy.0 = Release|Any CPU
		{3299D702-A5F1-477C-93E3-49B1D195EF20}.Debug|Any CPU.ActiveCfg = Debug|Any CPU
		{3299D702-A5F1-477C-93E3-49B1D195EF20}.Debug|Any CPU.Build.0 = Debug|Any CPU
		{3299D702-A5F1-477C-93E3-49B1D195EF20}.Release|Any CPU.ActiveCfg = Release|Any CPU
		{3299D702-A5F1-477C-93E3-49B1D195EF20}.Release|Any CPU.Build.0 = Release|Any CPU
		{7D80B8ED-A081-427E-895C-BDF98713C7F2}.Debug|Any CPU.ActiveCfg = Debug|Any CPU
		{7D80B8ED-A081-427E-895C-BDF98713C7F2}.Debug|Any CPU.Build.0 = Debug|Any CPU
		{7D80B8ED-A081-427E-895C-BDF98713C7F2}.Release|Any CPU.ActiveCfg = Release|Any CPU
		{7D80B8ED-A081-427E-895C-BDF98713C7F2}.Release|Any CPU.Build.0 = Release|Any CPU
	EndGlobalSection
	GlobalSection(SolutionProperties) = preSolution
		HideSolutionNode = FALSE
	EndGlobalSection
	GlobalSection(ExtensibilityGlobals) = postSolution
		SolutionGuid = {47EC067D-F0F5-4AA0-A5FC-009D9DC00241}
	EndGlobalSection
EndGlobal
